Microsoft Visual Studio Solution File, Format Version 12.00
# Visual Studio 2012
Project("{FAE04EC0-301F-11D3-BF4B-00C04F79EFBC}") = "Singulario", "Singulario.csproj", "{256047F5-5292-40A5-812E-AEEE0F722DBB}"
EndProject
Global
	GlobalSection(SolutionConfigurationPlatforms) = preSolution
	Debug|Any CPU = Debug|Any CPU
	ExportDebug|Any CPU = ExportDebug|Any CPU
	ExportRelease|Any CPU = ExportRelease|Any CPU
	EndGlobalSection
	GlobalSection(ProjectConfigurationPlatforms) = postSolution
		{256047F5-5292-40A5-812E-AEEE0F722DBB}.Debug|Any CPU.ActiveCfg = Debug|Any CPU
		{256047F5-5292-40A5-812E-AEEE0F722DBB}.Debug|Any CPU.Build.0 = Debug|Any CPU
		{256047F5-5292-40A5-812E-AEEE0F722DBB}.ExportDebug|Any CPU.ActiveCfg = ExportDebug|Any CPU
		{256047F5-5292-40A5-812E-AEEE0F722DBB}.ExportDebug|Any CPU.Build.0 = ExportDebug|Any CPU
		{256047F5-5292-40A5-812E-AEEE0F722DBB}.ExportRelease|Any CPU.ActiveCfg = ExportRelease|Any CPU
		{256047F5-5292-40A5-812E-AEEE0F722DBB}.ExportRelease|Any CPU.Build.0 = ExportRelease|Any CPU
	EndGlobalSection
EndGlobal
